
Microsoft Visual Studio Solution File, Format Version 12.00
# Visual Studio Version 17
VisualStudioVersion = 17.5.002.0
MinimumVisualStudioVersion = 10.0.40219.1
Project("{9A19103F-16F7-4668-BE54-9A1E7A4F7556}") = "blob_test", "blob_test.csproj", "{EC3EF438-845A-49A1-8B76-1BB8A90830EB}"
EndProject
Global
	GlobalSection(SolutionConfigurationPlatforms) = preSolution
		Debug|Any CPU = Debug|Any CPU
		Release|Any CPU = Release|Any CPU
	EndGlobalSection
	GlobalSection(ProjectConfigurationPlatforms) = postSolution
		{EC3EF438-845A-49A1-8B76-1BB8A90830EB}.Debug|Any CPU.ActiveCfg = Debug|Any CPU
		{EC3EF438-845A-49A1-8B76-1BB8A90830EB}.Debug|Any CPU.Build.0 = Debug|Any CPU
		{EC3EF438-845A-49A1-8B76-1BB8A90830EB}.Release|Any CPU.ActiveCfg = Release|Any CPU
		{EC3EF438-845A-49A1-8B76-1BB8A90830EB}.Release|Any CPU.Build.0 = Release|Any CPU
	EndGlobalSection
	GlobalSection(SolutionProperties) = preSolution
		HideSolutionNode = FALSE
	EndGlobalSection
	GlobalSection(ExtensibilityGlobals) = postSolution
		SolutionGuid = {55C6A033-F9F6-4D50-BFB3-A52C34B39735}
	EndGlobalSection
EndGlobal
